
Microsoft Visual Studio Solution File, Format Version 12.00
# Visual Studio Version 17
VisualStudioVersion = 17.6.33801.468
MinimumVisualStudioVersion = 10.0.40219.1
Project("{FAE04EC0-301F-11D3-BF4B-00C04F79EFBC}") = "MultiShop.Business", "MultiShop.Business\MultiShop.Business.csproj", "{70AF10F4-1EAB-4A12-B4A0-F4729ADB03F2}"
EndProject
Project("{FAE04EC0-301F-11D3-BF4B-00C04F79EFBC}") = "Multishop.DataAccess", "Multishop.DataAccess\Multishop.DataAccess.csproj", "{46A17149-2054-4A6C-8C48-89E2C9241AA9}"
EndProject
Project("{FAE04EC0-301F-11D3-BF4B-00C04F79EFBC}") = "MultiShop.Core", "MultiShop.Core\MultiShop.Core.csproj", "{C81B1734-482B-4EE3-A52B-1332E3E5F929}"
EndProject
Project("{FAE04EC0-301F-11D3-BF4B-00C04F79EFBC}") = "MultiShop.Entities", "MultiShop.Entities\MultiShop.Entities.csproj", "{BEEBBBDF-FC3C-46BF-8056-E692A2902485}"
EndProject
Project("{FAE04EC0-301F-11D3-BF4B-00C04F79EFBC}") = "MultiShop.WebUI", "MultiShop.WebUI\MultiShop.WebUI.csproj", "{5E7F218A-1866-4CC7-8BDB-E383A6586FDC}"
EndProject
Global
	GlobalSection(SolutionConfigurationPlatforms) = preSolution
		Debug|Any CPU = Debug|Any CPU
		Release|Any CPU = Release|Any CPU
	EndGlobalSection
	GlobalSection(ProjectConfigurationPlatforms) = postSolution
		{70AF10F4-1EAB-4A12-B4A0-F4729ADB03F2}.Debug|Any CPU.ActiveCfg = Debug|Any CPU
		{70AF10F4-1EAB-4A12-B4A0-F4729ADB03F2}.Debug|Any CPU.Build.0 = Debug|Any CPU
		{70AF10F4-1EAB-4A12-B4A0-F4729ADB03F2}.Release|Any CPU.ActiveCfg = Release|Any CPU
		{70AF10F4-1EAB-4A12-B4A0-F4729ADB03F2}.Release|Any CPU.Build.0 = Release|Any CPU
		{46A17149-2054-4A6C-8C48-89E2C9241AA9}.Debug|Any CPU.ActiveCfg = Debug|Any CPU
		{46A17149-2054-4A6C-8C48-89E2C9241AA9}.Debug|Any CPU.Build.0 = Debug|Any CPU
		{46A17149-2054-4A6C-8C48-89E2C9241AA9}.Release|Any CPU.ActiveCfg = Release|Any CPU
		{46A17149-2054-4A6C-8C48-89E2C9241AA9}.Release|Any CPU.Build.0 = Release|Any CPU
		{C81B1734-482B-4EE3-A52B-1332E3E5F929}.Debug|Any CPU.ActiveCfg = Debug|Any CPU
		{C81B1734-482B-4EE3-A52B-1332E3E5F929}.Debug|Any CPU.Build.0 = Debug|Any CPU
		{C81B1734-482B-4EE3-A52B-1332E3E5F929}.Release|Any CPU.ActiveCfg = Release|Any CPU
		{C81B1734-482B-4EE3-A52B-1332E3E5F929}.Release|Any CPU.Build.0 = Release|Any CPU
		{BEEBBBDF-FC3C-46BF-8056-E692A2902485}.Debug|Any CPU.ActiveCfg = Debug|Any CPU
		{BEEBBBDF-FC3C-46BF-8056-E692A2902485}.Debug|Any CPU.Build.0 = Debug|Any CPU
		{BEEBBBDF-FC3C-46BF-8056-E692A2902485}.Release|Any CPU.ActiveCfg = Release|Any CPU
		{BEEBBBDF-FC3C-46BF-8056-E692A2902485}.Release|Any CPU.Build.0 = Release|Any CPU
		{5E7F218A-1866-4CC7-8BDB-E383A6586FDC}.Debug|Any CPU.ActiveCfg = Debug|Any CPU
		{5E7F218A-1866-4CC7-8BDB-E383A6586FDC}.Debug|Any CPU.Build.0 = Debug|Any CPU
		{5E7F218A-1866-4CC7-8BDB-E383A6586FDC}.Release|Any CPU.ActiveCfg = Release|Any CPU
		{5E7F218A-1866-4CC7-8BDB-E383A6586FDC}.Release|Any CPU.Build.0 = Release|Any CPU
	EndGlobalSection
	GlobalSection(SolutionProperties) = preSolution
		HideSolutionNode = FALSE
	EndGlobalSection
	GlobalSection(ExtensibilityGlobals) = postSolution
		SolutionGuid = {26F8FA55-EB6F-4E63-BB5E-2BDC0826892E}
	EndGlobalSection
EndGlobal
